
Microsoft Visual Studio Solution File, Format Version 12.00
# Visual Studio 14
VisualStudioVersion = 14.0.25420.1
MinimumVisualStudioVersion = 10.0.40219.1
Project("{FAE04EC0-301F-11D3-BF4B-00C04F79EFBC}") = "RunningConsole", "RunningConsole\RunningConsole.csproj", "{78F37182-C74C-438E-88B7-0E3A42F94E59}"
EndProject
Project("{FAE04EC0-301F-11D3-BF4B-00C04F79EFBC}") = "RunningConsole.Tests", "RunningConsole.Tests\RunningConsole.Tests.csproj", "{AD04C888-2D5F-4FDF-8792-BF623F7E8F98}"
EndProject
Global
	GlobalSection(SolutionConfigurationPlatforms) = preSolution
		Debug|Any CPU = Debug|Any CPU
		Release|Any CPU = Release|Any CPU
	EndGlobalSection
	GlobalSection(ProjectConfigurationPlatforms) = postSolution
		{78F37182-C74C-438E-88B7-0E3A42F94E59}.Debug|Any CPU.ActiveCfg = Debug|Any CPU
		{78F37182-C74C-438E-88B7-0E3A42F94E59}.Debug|Any CPU.Build.0 = Debug|Any CPU
		{78F37182-C74C-438E-88B7-0E3A42F94E59}.Release|Any CPU.ActiveCfg = Release|Any CPU
		{78F37182-C74C-438E-88B7-0E3A42F94E59}.Release|Any CPU.Build.0 = Release|Any CPU
		{AD04C888-2D5F-4FDF-8792-BF623F7E8F98}.Debug|Any CPU.ActiveCfg = Debug|Any CPU
		{AD04C888-2D5F-4FDF-8792-BF623F7E8F98}.Debug|Any CPU.Build.0 = Debug|Any CPU
		{AD04C888-2D5F-4FDF-8792-BF623F7E8F98}.Release|Any CPU.ActiveCfg = Release|Any CPU
		{AD04C888-2D5F-4FDF-8792-BF623F7E8F98}.Release|Any CPU.Build.0 = Release|Any CPU
	EndGlobalSection
	GlobalSection(SolutionProperties) = preSolution
		HideSolutionNode = FALSE
	EndGlobalSection
EndGlobal
